{
  "nodes": {
    "mobile-nixos": {
      "flake": false,
      "locked": {
        "lastModified": 1752428978,
        "narHash": "sha256-xBkxB3KGDUQRpd2nSqJvw6vJhse4Lee4OaeJH6WvNDM=",
        "owner": "samueldr-wip",
        "repo": "mobile-nixos-wip",
        "rev": "3bf82ba1a96e6261cb4606defe2c9affff504faf",
        "type": "github"
      },
      "original": {
        "owner": "samueldr-wip",
        "ref": "fix/drop-composeConfig",
        "repo": "mobile-nixos-wip",
        "type": "github"
      }
    },
    "nixpkgs": {
      "locked": {
        "lastModified": 1751984180,
        "narHash": "sha256-LwWRsENAZJKUdD3SpLluwDmdXY9F45ZEgCb0X+xgOL0=",
        "owner": "NixOS",
        "repo": "nixpkgs",
        "rev": "9807714d6944a957c2e036f84b0ff8caf9930bc0",
        "type": "github"
      },
      "original": {
        "owner": "NixOS",
        "ref": "nixos-unstable",
        "repo": "nixpkgs",
        "type": "github"
      }
    },
    "root": {
      "inputs": {
        "mobile-nixos": "mobile-nixos",
        "nixpkgs": "nixpkgs"
      }
    }
  },
  "root": "root",
  "version": 7
}
